
Microsoft Visual Studio Solution File, Format Version 12.00
# Visual Studio Version 17
VisualStudioVersion = 17.5.002.0
MinimumVisualStudioVersion = 10.0.40219.1
Project("{9A19103F-16F7-4668-BE54-9A1E7A4F7556}") = "Variables", "Variables.csproj", "{2249B8DC-220D-4345-A35B-D300ED082812}"
EndProject
Global
	GlobalSection(SolutionConfigurationPlatforms) = preSolution
		Debug|Any CPU = Debug|Any CPU
		Release|Any CPU = Release|Any CPU
	EndGlobalSection
	GlobalSection(ProjectConfigurationPlatforms) = postSolution
		{2249B8DC-220D-4345-A35B-D300ED082812}.Debug|Any CPU.ActiveCfg = Debug|Any CPU
		{2249B8DC-220D-4345-A35B-D300ED082812}.Debug|Any CPU.Build.0 = Debug|Any CPU
		{2249B8DC-220D-4345-A35B-D300ED082812}.Release|Any CPU.ActiveCfg = Release|Any CPU
		{2249B8DC-220D-4345-A35B-D300ED082812}.Release|Any CPU.Build.0 = Release|Any CPU
	EndGlobalSection
	GlobalSection(SolutionProperties) = preSolution
		HideSolutionNode = FALSE
	EndGlobalSection
	GlobalSection(ExtensibilityGlobals) = postSolution
		SolutionGuid = {F8004B46-4DF7-48C5-80CA-8CB7BA1BFAEF}
	EndGlobalSection
EndGlobal
